PODS:
  - MultiplatformBleAdapterQNSDK (0.1.5)

DEPENDENCIES:
  - MultiplatformBleAdapterQNSDK

SPEC REPOS:
  trunk:
    - MultiplatformBleAdapterQNSDK

SPEC CHECKSUMS:
  MultiplatformBleAdapterQNSDK: e9de46465759f1564081f39e1400f46221b8ea53

PODFILE CHECKSUM: 4d8973cf7616669c42d28fe797fa922b12356172

COCOAPODS: 1.8.4
